
Microsoft Visual Studio Solution File, Format Version 12.00
# Visual Studio 15
VisualStudioVersion = 15.0.28010.2003
MinimumVisualStudioVersion = 10.0.40219.1
Project("{9A19103F-16F7-4668-BE54-9A1E7A4F7556}") = "aspnetcore", "aspnetcore.csproj", "{530D0E6B-6CAC-4F34-B43B-51A1141F5B53}"
EndProject
Global
	GlobalSection(SolutionConfigurationPlatforms) = preSolution
		Debug|Any CPU = Debug|Any CPU
		Release|Any CPU = Release|Any CPU
	EndGlobalSection
	GlobalSection(ProjectConfigurationPlatforms) = postSolution
		{530D0E6B-6CAC-4F34-B43B-51A1141F5B53}.Debug|Any CPU.ActiveCfg = Debug|Any CPU
		{530D0E6B-6CAC-4F34-B43B-51A1141F5B53}.Debug|Any CPU.Build.0 = Debug|Any CPU
		{530D0E6B-6CAC-4F34-B43B-51A1141F5B53}.Release|Any CPU.ActiveCfg = Release|Any CPU
		{530D0E6B-6CAC-4F34-B43B-51A1141F5B53}.Release|Any CPU.Build.0 = Release|Any CPU
	EndGlobalSection
	GlobalSection(SolutionProperties) = preSolution
		HideSolutionNode = FALSE
	EndGlobalSection
	GlobalSection(ExtensibilityGlobals) = postSolution
		SolutionGuid = {62D101DE-5A1E-41D8-8E00-D6252C461AED}
	EndGlobalSection
EndGlobal
